
Microsoft Visual Studio Solution File, Format Version 12.00
# Visual Studio 15
VisualStudioVersion = 15.0.28307.572
MinimumVisualStudioVersion = 10.0.40219.1
Project("{FAE04EC0-301F-11D3-BF4B-00C04F79EFBC}") = "LeaveManagementSystem", "LeaveManagementSystem\LeaveManagementSystem.csproj", "{7EC0BA3F-028A-4D04-9583-7C7E0A5F5258}"
EndProject
Global
	GlobalSection(SolutionConfigurationPlatforms) = preSolution
		Debug|Any CPU = Debug|Any CPU
		Release|Any CPU = Release|Any CPU
	EndGlobalSection
	GlobalSection(ProjectConfigurationPlatforms) = postSolution
		{7EC0BA3F-028A-4D04-9583-7C7E0A5F5258}.Debug|Any CPU.ActiveCfg = Debug|Any CPU
		{7EC0BA3F-028A-4D04-9583-7C7E0A5F5258}.Debug|Any CPU.Build.0 = Debug|Any CPU
		{7EC0BA3F-028A-4D04-9583-7C7E0A5F5258}.Release|Any CPU.ActiveCfg = Release|Any CPU
		{7EC0BA3F-028A-4D04-9583-7C7E0A5F5258}.Release|Any CPU.Build.0 = Release|Any CPU
	EndGlobalSection
	GlobalSection(SolutionProperties) = preSolution
		HideSolutionNode = FALSE
	EndGlobalSection
	GlobalSection(ExtensibilityGlobals) = postSolution
		SolutionGuid = {F738BAF5-B0AB-41F5-9E9C-891A0B8AF1E5}
	EndGlobalSection
EndGlobal
